
Microsoft Visual Studio Solution File, Format Version 12.00
# Visual Studio 15
VisualStudioVersion = 15.0.27130.2010
MinimumVisualStudioVersion = 10.0.40219.1
Project("{FAE04EC0-301F-11D3-BF4B-00C04F79EFBC}") = "Lab4.Little Pig", "Lab4.Little Pig\Lab4.Little Pig.csproj", "{7C570BE6-71A7-43A6-8D5A-C664935A76C9}"
EndProject
Global
	GlobalSection(SolutionConfigurationPlatforms) = preSolution
		Debug|Any CPU = Debug|Any CPU
		Release|Any CPU = Release|Any CPU
	EndGlobalSection
	GlobalSection(ProjectConfigurationPlatforms) = postSolution
		{7C570BE6-71A7-43A6-8D5A-C664935A76C9}.Debug|Any CPU.ActiveCfg = Debug|Any CPU
		{7C570BE6-71A7-43A6-8D5A-C664935A76C9}.Debug|Any CPU.Build.0 = Debug|Any CPU
		{7C570BE6-71A7-43A6-8D5A-C664935A76C9}.Debug|Any CPU.Deploy.0 = Debug|Any CPU
		{7C570BE6-71A7-43A6-8D5A-C664935A76C9}.Release|Any CPU.ActiveCfg = Release|Any CPU
		{7C570BE6-71A7-43A6-8D5A-C664935A76C9}.Release|Any CPU.Build.0 = Release|Any CPU
		{7C570BE6-71A7-43A6-8D5A-C664935A76C9}.Release|Any CPU.Deploy.0 = Release|Any CPU
	EndGlobalSection
	GlobalSection(SolutionProperties) = preSolution
		HideSolutionNode = FALSE
	EndGlobalSection
	GlobalSection(ExtensibilityGlobals) = postSolution
		SolutionGuid = {45D12121-3D48-4EC5-8112-736586309A2D}
	EndGlobalSection
EndGlobal
